// !$*UTF8*$!
{
	archiveVersion = 1;
	classes = {
	};
	objectVersion = 46;
	objects = {

/* Begin PBXBuildFile section */
		254D23541D1DE52A00664D39 /* Libro.swift in Sources */ = {isa = PBXBuildFile; fileRef = 254D23531D1DE52A00664D39 /* Libro.swift */; };
		2588B5D51D174C8F00A84072 /* AppDelegate.swift in Sources */ = {isa = PBXBuildFile; fileRef = 2588B5D41D174C8F00A84072 /* AppDelegate.swift */; };
		2588B5D81D174C8F00A84072 /* VistasJerarquicas.xcdatamodeld in Sources */ = {isa = PBXBuildFile; fileRef = 2588B5D61D174C8F00A84072 /* VistasJerarquicas.xcdatamodeld */; };
		2588B5DA1D174C8F00A84072 /* MasterViewController.swift in Sources */ = {isa = PBXBuildFile; fileRef = 2588B5D91D174C8F00A84072 /* MasterViewController.swift */; };
		2588B5DC1D174C8F00A84072 /* DetailViewController.swift in Sources */ = {isa = PBXBuildFile; fileRef = 2588B5DB1D174C8F00A84072 /* DetailViewController.swift */; };
		2588B5DF1D174C8F00A84072 /* Main.storyboard in Resources */ = {isa = PBXBuildFile; fileRef = 2588B5DD1D174C8F00A84072 /* Main.storyboard */; };
		2588B5E11D174C8F00A84072 /* Assets.xcassets in Resources */ = {isa = PBXBuildFile; fileRef = 2588B5E01D174C8F00A84072 /* Assets.xcassets */; };
		2588B5E41D174C8F00A84072 /* LaunchScreen.storyboard in Resources */ = {isa = PBXBuildFile; fileRef = 2588B5E21D174C8F00A84072 /* LaunchScreen.storyboard */; };
		2588B5EC1D1752CD00A84072 /* IsbnVC.swift in Sources */ = {isa = PBXBuildFile; fileRef = 2588B5EB1D1752CD00A84072 /* IsbnVC.swift */; };
/* End PBXBuildFile section */

/* Begin PBXFileReference section */
		254D23531D1DE52A00664D39 /* Libro.swift */ = {isa = PBXFileReference; fileEncoding = 4; lastKnownFileType = sourcecode.swift; path = Libro.swift; sourceTree = "<group>"; };
		2588B5D11D174C8F00A84072 /* VistasJerarquicas.app */ = {isa = PBXFileReference; explicitFileType = wrapper.application; includeInIndex = 0; path = VistasJerarquicas.app; sourceTree = BUILT_PRODUCTS_DIR; };
		2588B5D41D174C8F00A84072 /* AppDelegate.swift */ = {isa = PBXFileReference; lastKnownFileType = sourcecode.swift; path = AppDelegate.swift; sourceTree = "<group>"; };
		2588B5D71D174C8F00A84072 /* VistasJerarquicas.xcdatamodel */ = {isa = PBXFileReference; lastKnownFileType = wrapper.xcdatamodel; path = VistasJerarquicas.xcdatamodel; sourceTree = "<group>"; };
		2588B5D91D174C8F00A84072 /* MasterViewController.swift */ = {isa = PBXFileReference; lastKnownFileType = sourcecode.swift; path = MasterViewController.swift; sourceTree = "<group>"; };
		2588B5DB1D174C8F00A84072 /* DetailViewController.swift */ = {isa = PBXFileReference; lastKnownFileType = sourcecode.swift; path = DetailViewController.swift; sourceTree = "<group>"; };
		2588B5DE1D174C8F00A84072 /* Base */ = {isa = PBXFileReference; lastKnownFileType = file.storyboard; name = Base; path = Base.lproj/Main.storyboard; sourceTree = "<group>"; };
		2588B5E01D174C8F00A84072 /* Assets.xcassets */ = {isa = PBXFileReference; lastKnownFileType = folder.assetcatalog; path = Assets.xcassets; sourceTree = "<group>"; };
		2588B5E31D174C8F00A84072 /* Base */ = {isa = PBXFileReference; lastKnownFileType = file.storyboard; name = Base; path = Base.lproj/LaunchScreen.storyboard; sourceTree = "<group>"; };
		2588B5E51D174C8F00A84072 /* Info.plist */ = {isa = PBXFileReference; lastKnownFileType = text.plist.xml; path = Info.plist; sourceTree = "<group>"; };
		2588B5EB1D1752CD00A84072 /* IsbnVC.swift */ = {isa = PBXFileReference; fileEncoding = 4; lastKnownFileType = sourcecode.swift; path = IsbnVC.swift; sourceTree = "<group>"; };
/* End PBXFileReference section */

/* Begin PBXFrameworksBuildPhase section */
		2588B5CE1D174C8F00A84072 /* Frameworks */ = {
			isa = PBXFrameworksBuildPhase;
			buildActionMask = 2147483647;
			files = (
			);
			runOnlyForDeploymentPostprocessing = 0;
		};
/* End PBXFrameworksBuildPhase section */

/* Begin PBXGroup section */
		2588B5C81D174C8F00A84072 = {
			isa = PBXGroup;
			children = (
				2588B5D31D174C8F00A84072 /* VistasJerarquicas */,
				2588B5D21D174C8F00A84072 /* Products */,
			);
			sourceTree = "<group>";
		};
		2588B5D21D174C8F00A84072 /* Products */ = {
			isa = PBXGroup;
			children = (
				2588B5D11D174C8F00A84072 /* VistasJerarquicas.app */,
			);
			name = Products;
			sourceTree = "<group>";
		};
		2588B5D31D174C8F00A84072 /* VistasJerarquicas */ = {
			isa = PBXGroup;
			children = (
				2588B5D41D174C8F00A84072 /* AppDelegate.swift */,
				2588B5D91D174C8F00A84072 /* MasterViewController.swift */,
				2588B5DB1D174C8F00A84072 /* DetailViewController.swift */,
				2588B5DD1D174C8F00A84072 /* Main.storyboard */,
				2588B5EB1D1752CD00A84072 /* IsbnVC.swift */,
				2588B5E01D174C8F00A84072 /* Assets.xcassets */,
				2588B5E21D174C8F00A84072 /* LaunchScreen.storyboard */,
				2588B5E51D174C8F00A84072 /* Info.plist */,
				2588B5D61D174C8F00A84072 /* VistasJerarquicas.xcdatamodeld */,
				254D23531D1DE52A00664D39 /* Libro.swift */,
			);
			path = VistasJerarquicas;
			sourceTree = "<group>";
		};
/* End PBXGroup section */

/* Begin PBXNativeTarget section */
		2588B5D01D174C8F00A84072 /* VistasJerarquicas */ = {
			isa = PBXNativeTarget;
			buildConfigurationList = 2588B5E81D174C8F00A84072 /* Build configuration list for PBXNativeTarget "VistasJerarquicas" */;
			buildPhases = (
				2588B5CD1D174C8F00A84072 /* Sources */,
				2588B5CE1D174C8F00A84072 /* Frameworks */,
				2588B5CF1D174C8F00A84072 /* Resources */,
			);
			buildRules = (
			);
			dependencies = (
			);
			name = VistasJerarquicas;
			productName = VistasJerarquicas;
			productReference = 2588B5D11D174C8F00A84072 /* VistasJerarquicas.app */;
			productType = "com.apple.product-type.application";
		};
/* End PBXNativeTarget section */

/* Begin PBXProject section */
		2588B5C91D174C8F00A84072 /* Project object */ = {
			isa = PBXProject;
			attributes = {
				LastSwiftUpdateCheck = 0730;
				LastUpgradeCheck = 0730;
				ORGANIZATIONNAME = "Timo Siegle";
				TargetAttributes = {
					2588B5D01D174C8F00A84072 = {
						CreatedOnToolsVersion = 7.3.1;
					};
				};
			};
			buildConfigurationList = 2588B5CC1D174C8F00A84072 /* Build configuration list for PBXProject "VistasJerarquicas" */;
			compatibilityVersion = "Xcode 3.2";
			developmentRegion = English;
			hasScannedForEncodings = 0;
			knownRegions = (
				en,
				Base,
			);
			mainGroup = 2588B5C81D174C8F00A84072;
			productRefGroup = 2588B5D21D174C8F00A84072 /* Products */;
			projectDirPath = "";
			projectRoot = "";
			targets = (
				2588B5D01D174C8F00A84072 /* VistasJerarquicas */,
			);
		};
/* End PBXProject section */

/* Begin PBXResourcesBuildPhase section */
		2588B5CF1D174C8F00A84072 /* Resources */ = {
			isa = PBXResourcesBuildPhase;
			buildActionMask = 2147483647;
			files = (
				2588B5E41D174C8F00A84072 /* LaunchScreen.storyboard in Resources */,
				2588B5E11D174C8F00A84072 /* Assets.xcassets in Resources */,
				2588B5DF1D174C8F00A84072 /* Main.storyboard in Resources */,
			);
			runOnlyForDeploymentPostprocessing = 0;
		};
/* End PBXResourcesBuildPhase section */

/* Begin PBXSourcesBuildPhase section */
		2588B5CD1D174C8F00A84072 /* Sources */ = {
			isa = PBXSourcesBuildPhase;
			buildActionMask = 2147483647;
			files = (
				254D23541D1DE52A00664D39 /* Libro.swift in Sources */,
				2588B5D81D174C8F00A84072 /* VistasJerarquicas.xcdatamodeld in Sources */,
				2588B5D51D174C8F00A84072 /* AppDelegate.swift in Sources */,
				2588B5EC1D1752CD00A84072 /* IsbnVC.swift in Sources */,
				2588B5DA1D174C8F00A84072 /* MasterViewController.swift in Sources */,
				2588B5DC1D174C8F00A84072 /* DetailViewController.swift in Sources */,
			);
			runOnlyForDeploymentPostprocessing = 0;
		};
/* End PBXSourcesBuildPhase section */

/* Begin PBXVariantGroup section */
		2588B5DD1D174C8F00A84072 /* Main.storyboard */ = {
			isa = PBXVariantGroup;
			children = (
				2588B5DE1D174C8F00A84072 /* Base */,
			);
			name = Main.storyboard;
			sourceTree = "<group>";
		};
		2588B5E21D174C8F00A84072 /* LaunchScreen.storyboard */ = {
			isa = PBXVariantGroup;
			children = (
				2588B5E31D174C8F00A84072 /* Base */,
			);
			name = LaunchScreen.storyboard;
			sourceTree = "<group>";
		};
/* End PBXVariantGroup section */

/* Begin XCBuildConfiguration section */
		2588B5E61D174C8F00A84072 /* Debug */ = {
			isa = XCBuildConfiguration;
			buildSettings = {
				ALWAYS_SEARCH_USER_PATHS = NO;
				CLANG_ANALYZER_NONNULL = YES;
				CLANG_CXX_LANGUAGE_STANDARD = "gnu++0x";
				CLANG_CXX_LIBRARY = "libc++";
				CLANG_ENABLE_MODULES = YES;
				CLANG_ENABLE_OBJC_ARC = YES;
				CLANG_WARN_BOOL_CONVERSION = YES;
				CLANG_WARN_CONSTANT_CONVERSION = YES;
				CLANG_WARN_DIRECT_OBJC_ISA_USAGE = YES_ERROR;
				CLANG_WARN_EMPTY_BODY = YES;
				CLANG_WARN_ENUM_CONVERSION = YES;
				CLANG_WARN_INT_CONVERSION = YES;
				CLANG_WARN_OBJC_ROOT_CLASS = YES_ERROR;
				CLANG_WARN_UNREACHABLE_CODE = YES;
				CLANG_WARN__DUPLICATE_METHOD_MATCH = YES;
				"CODE_SIGN_IDENTITY[sdk=iphoneos*]" = "iPhone Developer";
				COPY_PHASE_STRIP = NO;
				DEBUG_INFORMATION_FORMAT = dwarf;
				ENABLE_STRICT_OBJC_MSGSEND = YES;
				ENABLE_TESTABILITY = YES;
				GCC_C_LANGUAGE_STANDARD = gnu99;
				GCC_DYNAMIC_NO_PIC = NO;
				GCC_NO_COMMON_BLOCKS = YES;
				GCC_OPTIMIZATION_LEVEL = 0;
				GCC_PREPROCESSOR_DEFINITIONS = (
					"DEBUG=1",
					"$(inherited)",
				);
				GCC_WARN_64_TO_32_BIT_CONVERSION = YES;
				GCC_WARN_ABOUT_RETURN_TYPE = YES_ERROR;
				GCC_WARN_UNDECLARED_SELECTOR = YES;
				GCC_WARN_UNINITIALIZED_AUTOS = YES_AGGRESSIVE;
				GCC_WARN_UNUSED_FUNCTION = YES;
				GCC_WARN_UNUSED_VARIABLE = YES;
				IPHONEOS_DEPLOYMENT_TARGET = 9.3;
				MTL_ENABLE_DEBUG_INFO = YES;
				ONLY_ACTIVE_ARCH = YES;
				SDKROOT = iphoneos;
				SWIFT_OPTIMIZATION_LEVEL = "-Onone";
				TARGETED_DEVICE_FAMILY = "1,2";
			};
			name = Debug;
		};
		2588B5E71D174C8F00A84072 /* Release */ = {
			isa = XCBuildConfiguration;
			buildSettings = {
				ALWAYS_SEARCH_USER_PATHS = NO;
				CLANG_ANALYZER_NONNULL = YES;
				CLANG_CXX_LANGUAGE_STANDARD = "gnu++0x";
				CLANG_CXX_LIBRARY = "libc++";
				CLANG_ENABLE_MODULES = YES;
				CLANG_ENABLE_OBJC_ARC = YES;
				CLANG_WARN_BOOL_CONVERSION = YES;
				CLANG_WARN_CONSTANT_CONVERSION = YES;
				CLANG_WARN_DIRECT_OBJC_ISA_USAGE = YES_ERROR;
				CLANG_WARN_EMPTY_BODY = YES;
				CLANG_WARN_ENUM_CONVERSION = YES;
				CLANG_WARN_INT_CONVERSION = YES;
				CLANG_WARN_OBJC_ROOT_CLASS = YES_ERROR;
				CLANG_WARN_UNREACHABLE_CODE = YES;
				CLANG_WARN__DUPLICATE_METHOD_MATCH = YES;
				"CODE_SIGN_IDENTITY[sdk=iphoneos*]" = "iPhone Developer";
				COPY_PHASE_STRIP = NO;
				DEBUG_INFORMATION_FORMAT = "dwarf-with-dsym";
				ENABLE_NS_ASSERTIONS = NO;
				ENABLE_STRICT_OBJC_MSGSEND = YES;
				GCC_C_LANGUAGE_STANDARD = gnu99;
				GCC_NO_COMMON_BLOCKS = YES;
				GCC_WARN_64_TO_32_BIT_CONVERSION = YES;
				GCC_WARN_ABOUT_RETURN_TYPE = YES_ERROR;
				GCC_WARN_UNDECLARED_SELECTOR = YES;
				GCC_WARN_UNINITIALIZED_AUTOS = YES_AGGRESSIVE;
				GCC_WARN_UNUSED_FUNCTION = YES;
				GCC_WARN_UNUSED_VARIABLE = YES;
				IPHONEOS_DEPLOYMENT_TARGET = 9.3;
				MTL_ENABLE_DEBUG_INFO = NO;
				SDKROOT = iphoneos;
				TARGETED_DEVICE_FAMILY = "1,2";
				VALIDATE_PRODUCT = YES;
			};
			name = Release;
		};
		2588B5E91D174C8F00A84072 /* Debug */ = {
			isa = XCBuildConfiguration;
			buildSettings = {
				ASSETCATALOG_COMPILER_APPICON_NAME = AppIcon;
				INFOPLIST_FILE = VistasJerarquicas/Info.plist;
				LD_RUNPATH_SEARCH_PATHS = "$(inherited) @executable_path/Frameworks";
				PRODUCT_BUNDLE_IDENTIFIER = ts.VistasJerarquicas;
				PRODUCT_NAME = "$(TARGET_NAME)";
			};
			name = Debug;
		};
		2588B5EA1D174C8F00A84072 /* Release */ = {
			isa = XCBuildConfiguration;
			buildSettings = {
				ASSETCATALOG_COMPILER_APPICON_NAME = AppIcon;
				INFOPLIST_FILE = VistasJerarquicas/Info.plist;
				LD_RUNPATH_SEARCH_PATHS = "$(inherited) @executable_path/Frameworks";
				PRODUCT_BUNDLE_IDENTIFIER = ts.VistasJerarquicas;
				PRODUCT_NAME = "$(TARGET_NAME)";
			};
			name = Release;
		};
/* End XCBuildConfiguration section */

/* Begin XCConfigurationList section */
		2588B5CC1D174C8F00A84072 /* Build configuration list for PBXProject "VistasJerarquicas" */ = {
			isa = XCConfigurationList;
			buildConfigurations = (
				2588B5E61D174C8F00A84072 /* Debug */,
				2588B5E71D174C8F00A84072 /* Release */,
			);
			defaultConfigurationIsVisible = 0;
			defaultConfigurationName = Release;
		};
		2588B5E81D174C8F00A84072 /* Build configuration list for PBXNativeTarget "VistasJerarquicas" */ = {
			isa = XCConfigurationList;
			buildConfigurations = (
				2588B5E91D174C8F00A84072 /* Debug */,
				2588B5EA1D174C8F00A84072 /* Release */,
			);
			defaultConfigurationIsVisible = 0;
			defaultConfigurationName = Release;
		};
/* End XCConfigurationList section */

/* Begin XCVersionGroup section */
		2588B5D61D174C8F00A84072 /* VistasJerarquicas.xcdatamodeld */ = {
			isa = XCVersionGroup;
			children = (
				2588B5D71D174C8F00A84072 /* VistasJerarquicas.xcdatamodel */,
			);
			currentVersion = 2588B5D71D174C8F00A84072 /* VistasJerarquicas.xcdatamodel */;
			path = VistasJerarquicas.xcdatamodeld;
			sourceTree = "<group>";
			versionGroupType = wrapper.xcdatamodel;
		};
/* End XCVersionGroup section */
	};
	rootObject = 2588B5C91D174C8F00A84072 /* Project object */;
}
